{
  "name": "blotch",
  "version": "0.0.1",
  "lockfileVersion": 2,
  "requires": true,
  "packages": {
    "": {
      "version": "0.0.1",
      "license": "MIT",
      "dependencies": {
        "modern-normalize": "^1.0.0"
      }
    },
    "node_modules/modern-normalize": {
      "version": "1.0.0",
      "resolved": "https://registry.npmjs.org/modern-normalize/-/modern-normalize-1.0.0.tgz",
      "integrity": "sha512-1lM+BMLGuDfsdwf3rsgBSrxJwAZHFIrQ8YR61xIqdHo0uNKI9M52wNpHSrliZATJp51On6JD0AfRxd4YGSU0lw==",
      "engines": {
        "node": ">=6"
      },
      "funding": {
        "url": "https://github.com/sponsors/sindresorhus"
      }
    }
  },
  "dependencies": {
    "modern-normalize": {
      "version": "1.0.0",
      "resolved": "https://registry.npmjs.org/modern-normalize/-/modern-normalize-1.0.0.tgz",
      "integrity": "sha512-1lM+BMLGuDfsdwf3rsgBSrxJwAZHFIrQ8YR61xIqdHo0uNKI9M52wNpHSrliZATJp51On6JD0AfRxd4YGSU0lw=="
    }
  }
}
